<?xml version="1.0" encoding="utf-8"?>
<Project ToolsVersion="4.0" xmlns="http://schemas.microsoft.com/developer/msbuild/2003">
  <ItemGroup>
    <Filter Include="Source Files">
      <UniqueIdentifier>{4FC737F1-C7A5-4376-A066-2A32D752A2FF}</UniqueIdentifier>
      <Extensions>cpp;c;cc;cxx;def;odl;idl;hpj;bat;asm;asmx</Extensions>
    </Filter>
    <Filter Include="Header Files">
      <UniqueIdentifier>{93995380-89BD-4b04-88EB-625FBE52EBFB}</UniqueIdentifier>
      <Extensions>h;hh;hpp;hxx;hm;inl;inc;xsd</Extensions>
    </Filter>
    <Filter Include="Resource Files">
      <UniqueIdentifier>{D9D6E242-F8AF-46E4-B9FD-80ECBC20BA3E}</UniqueIdentifier>
      <Extensions>qrc;*</Extensions>
      <ParseFiles>false</ParseFiles>
    </Filter>
    <Filter Include="Resource Files">
      <UniqueIdentifier>{D9D6E242-F8AF-46E4-B9FD-80ECBC20BA3E}</UniqueIdentifier>
      <Extensions>qrc;*</Extensions>
      <ParseFiles>false</ParseFiles>
    </Filter>
    <Filter Include="Generated Files">
      <UniqueIdentifier>{71ED8ED8-ACB9-4CE9-BBE1-E00B30144E11}</UniqueIdentifier>
      <Extensions>moc;h;cpp</Extensions>
      <SourceControlFiles>False</SourceControlFiles>
    </Filter>
  </ItemGroup>
  <ItemGroup>
    <ClCompile Include="DarkStyle.cpp">
      <Filter>Source Files</Filter>
    </ClCompile>
  </ItemGroup>
  <ItemGroup>
    <QtMoc Include="DarkStyle.h">
      <Filter>Header Files</Filter>
    </QtMoc>
    <QtMoc Include="StylePluginInterface.h">
      <Filter>Header Files</Filter>
    </QtMoc>
  </ItemGroup>
  <ItemGroup>
    <None Include="darkstyle\darkstyle.qss">
      <Filter>Resource Files</Filter>
    </None>
    <None Include="styleplugin.json" />
  </ItemGroup>
  <ItemGroup>
    <Image Include="darkstyle\icon_close.png">
      <Filter>Resource Files</Filter>
    </Image>
    <Image Include="darkstyle\icon_restore.png">
      <Filter>Resource Files</Filter>
    </Image>
    <Image Include="darkstyle\icon_undock.png">
      <Filter>Resource Files</Filter>
    </Image>
    <Image Include="darkstyle\icon_branch_closed.png">
      <Filter>Resource Files</Filter>
    </Image>
    <Image Include="darkstyle\icon_branch_end.png">
      <Filter>Resource Files</Filter>
    </Image>
    <Image Include="darkstyle\icon_branch_more.png">
      <Filter>Resource Files</Filter>
    </Image>
    <Image Include="darkstyle\icon_branch_open.png">
      <Filter>Resource Files</Filter>
    </Image>
    <Image Include="darkstyle\icon_vline.png">
      <Filter>Resource Files</Filter>
    </Image>
    <Image Include="darkstyle\icon_checkbox_checked.png">
      <Filter>Resource Files</Filter>
    </Image>
    <Image Include="darkstyle\icon_checkbox_indeterminate.png">
      <Filter>Resource Files</Filter>
    </Image>
    <Image Include="darkstyle\icon_checkbox_unchecked.png">
      <Filter>Resource Files</Filter>
    </Image>
    <Image Include="darkstyle\icon_checkbox_checked_pressed.png">
      <Filter>Resource Files</Filter>
    </Image>
    <Image Include="darkstyle\icon_checkbox_indeterminate_pressed.png">
      <Filter>Resource Files</Filter>
    </Image>
    <Image Include="darkstyle\icon_checkbox_unchecked_pressed.png">
      <Filter>Resource Files</Filter>
    </Image>
    <Image Include="darkstyle\icon_checkbox_checked_disabled.png">
      <Filter>Resource Files</Filter>
    </Image>
    <Image Include="darkstyle\icon_checkbox_indeterminate_disabled.png">
      <Filter>Resource Files</Filter>
    </Image>
    <Image Include="darkstyle\icon_checkbox_unchecked_disabled.png">
      <Filter>Resource Files</Filter>
    </Image>
    <Image Include="darkstyle\icon_radiobutton_checked.png">
      <Filter>Resource Files</Filter>
    </Image>
    <Image Include="darkstyle\icon_radiobutton_unchecked.png">
      <Filter>Resource Files</Filter>
    </Image>
    <Image Include="darkstyle\icon_radiobutton_checked_pressed.png">
      <Filter>Resource Files</Filter>
    </Image>
    <Image Include="darkstyle\icon_radiobutton_unchecked_pressed.png">
      <Filter>Resource Files</Filter>
    </Image>
    <Image Include="darkstyle\icon_radiobutton_checked_disabled.png">
      <Filter>Resource Files</Filter>
    </Image>
    <Image Include="darkstyle\icon_radiobutton_unchecked_disabled.png">
      <Filter>Resource Files</Filter>
    </Image>
  </ItemGroup>
  <ItemGroup>
    <QtRcc Include="darkstyle.qrc">
      <Filter>Resource Files</Filter>
    </QtRcc>
  </ItemGroup>
</Project>